
Microsoft Visual Studio Solution File, Format Version 12.00
# Visual Studio 15
VisualStudioVersion = 15.0.28307.539
MinimumVisualStudioVersion = 10.0.40219.1
Project("{888888A0-9F3D-457C-B088-3A5042F75D52}") = "SiteEVM", "SiteEVM\SiteEVM.pyproj", "{DCBF3089-C645-42A7-875E-6513E9EA684F}"
EndProject
Global
	GlobalSection(SolutionConfigurationPlatforms) = preSolution
		Debug|Any CPU = Debug|Any CPU
		Release|Any CPU = Release|Any CPU
	EndGlobalSection
	GlobalSection(ProjectConfigurationPlatforms) = postSolution
		{DCBF3089-C645-42A7-875E-6513E9EA684F}.Debug|Any CPU.ActiveCfg = Debug|Any CPU
		{DCBF3089-C645-42A7-875E-6513E9EA684F}.Debug|Any CPU.Build.0 = Debug|Any CPU
		{DCBF3089-C645-42A7-875E-6513E9EA684F}.Release|Any CPU.ActiveCfg = Release|Any CPU
		{DCBF3089-C645-42A7-875E-6513E9EA684F}.Release|Any CPU.Build.0 = Release|Any CPU
	EndGlobalSection
	GlobalSection(SolutionProperties) = preSolution
		HideSolutionNode = FALSE
	EndGlobalSection
	GlobalSection(ExtensibilityGlobals) = postSolution
		SolutionGuid = {5244289C-3375-41AD-B8AD-4F896F42A1F5}
	EndGlobalSection
EndGlobal
